github.com/google/uuid v1.2.0 h1:qJYtXnJRWmpe7m/3XlyhrsLrEURqHRM2kxzoxXqyUDs=
github.com/google/uuid v1.2.0/go.mod h1:TIyPZe4MgqvfeYDBFedMoGGpEw/LqOeaOT+nhxU+yHo=
github.com/google/uuid v1.3.0 h1:t6JiXgmwXMjEs8VusXIJk2BXHsn+wx8BZdTaoZ5fu7I=
github.com/google/uuid v1.3.0/go.mod h1:TIyPZe4MgqvfeYDBFedMoGGpEw/LqOeaOT+nhxU+yHo=
github.com/mParticle/mparticle-go-sdk v1.1.2 h1:JFwvw24rX6cjnQOYVy2Lu/1du8wDrQiM8i9i3cyQuj4=
github.com/mParticle/mparticle-go-sdk v1.1.2/go.mod h1:WvI1Svcvr+yujSZ75wcYp2EPmlZCi1CK2ur3Au4eFYQ=
github.com/mParticle/mparticle-go-sdk v1.1.5 h1:9xwvi208srON7gtTzv1ieI9/xVosAbQyj7GP/7dBJ1s=
github.com/mParticle/mparticle-go-sdk v1.1.5/go.mod h1:g3PkiKpYO5YzSSFUK4NyQLeVtxvwaAqki02ApYMALUo=
